{
    "version": 4,
    "terraform_version": "1.3.4",
    "serial": 16,
    "lineage": "2a914ed7-326d-4018-5b2e-75427e8dbfff",
    "outputs": {},
    "resources": [
      {
        "mode": "managed",
        "type": "google_bigquery_datapolicy_data_policy",
        "name": "pii_mask_default",
        "provider": "provider[\"registry.terraform.io/hashicorp/google-beta\"]",
        "instances": [
          {
            "schema_version": 0,
            "attributes": {
              "data_masking_policy": [
                {
                  "predefined_expression": "DEFAULT_MASKING_VALUE"
                }
              ],
              "data_policy_id": "pii_mask_default",
              "data_policy_type": "DATA_MASKING_POLICY",
              "id": "projects/datacloud-lab/locations/us/dataPolicies/pii_mask_default",
              "location": "us",
              "name": "projects/datacloud-lab/locations/us/dataPolicies/pii_mask_default",
              "policy_tag": "projects/878198504389/locations/us/taxonomies/5670512583343655965/policyTags/4442426186980506851",
              "project": "datacloud-lab",
              "timeouts": null
            },
            "sensitive_attributes": [],
          "private": "eyJlMmJmYjczMC1lY2FhLTExZTYtOGY4OC0zNDM2M2JjN2M0YzAiOnsiY3JlYXRlIjoxMjAwMDAwMDAwMDAwLCJkZWxldGUiOjEyMDAwMDAwMDAwMDAsInVwZGF0ZSI6MTIwMDAwMDAwMDAwMH19",
          "dependencies": [
            "google_data_catalog_policy_tag.basic_policy_tag",
            "google_data_catalog_taxonomy.my_taxonomy"
          ]
        }
      ]
    },
    {
      "mode": "managed",
      "type": "google_data_catalog_policy_tag",
      "name": "basic_policy_tag",
      "provider": "provider[\"registry.terraform.io/hashicorp/google-beta\"]",
      "instances": [
        {
          "schema_version": 0,
          "attributes": {
            "child_policy_tags": [],
            "description": "contact",
            "display_name": "contact data",
            "id": "projects/datacloud-lab/locations/us/taxonomies/5670512583343655965/policyTags/4442426186980506851",
            "name": "projects/datacloud-lab/locations/us/taxonomies/5670512583343655965/policyTags/4442426186980506851",
            "parent_policy_tag": "",
            "taxonomy": "projects/datacloud-lab/locations/us/taxonomies/5670512583343655965",
            "timeouts": null
          },
          "sensitive_attributes": [],
          "private": "eyJlMmJmYjczMC1lY2FhLTExZTYtOGY4OC0zNDM2M2JjN2M0YzAiOnsiY3JlYXRlIjoxMjAwMDAwMDAwMDAwLCJkZWxldGUiOjEyMDAwMDAwMDAwMDAsInVwZGF0ZSI6MTIwMDAwMDAwMDAwMH19",
          "dependencies": [
            "google_data_catalog_taxonomy.my_taxonomy"
          ]
        }
      ]
    },
    {
      "mode": "managed",
      "type": "google_data_catalog_policy_tag",
      "name": "basic_policy_tag2",
      "provider": "provider[\"registry.terraform.io/hashicorp/google-beta\"]",
      "instances": [
        {
          "schema_version": 0,
          "attributes": {
            "child_policy_tags": [],
            "description": "crime",
            "display_name": "crime data",
            "id": "projects/datacloud-lab/locations/us/taxonomies/5670512583343655965/policyTags/2217995430369458321",
            "name": "projects/datacloud-lab/locations/us/taxonomies/5670512583343655965/policyTags/2217995430369458321",
            "parent_policy_tag": "",
            "taxonomy": "projects/datacloud-lab/locations/us/taxonomies/5670512583343655965",
            "timeouts": null
          },
          "sensitive_attributes": [],
          "private": "eyJlMmJmYjczMC1lY2FhLTExZTYtOGY4OC0zNDM2M2JjN2M0YzAiOnsiY3JlYXRlIjoxMjAwMDAwMDAwMDAwLCJkZWxldGUiOjEyMDAwMDAwMDAwMDAsInVwZGF0ZSI6MTIwMDAwMDAwMDAwMH19",
          "dependencies": [
            "google_data_catalog_taxonomy.my_taxonomy"
          ]
        }
      ]
    },
    {
      "mode": "managed",
      "type": "google_data_catalog_policy_tag",
      "name": "basic_policy_tag3",
      "provider": "provider[\"registry.terraform.io/hashicorp/google-beta\"]",
      "instances": [
        {
          "schema_version": 0,
          "attributes": {
            "child_policy_tags": [],
            "description": "sensitive",
            "display_name": "sensitive user data",
            "id": "projects/datacloud-lab/locations/us/taxonomies/5670512583343655965/policyTags/859294168529563857",
            "name": "projects/datacloud-lab/locations/us/taxonomies/5670512583343655965/policyTags/859294168529563857",
            "parent_policy_tag": "",
            "taxonomy": "projects/datacloud-lab/locations/us/taxonomies/5670512583343655965",
            "timeouts": null
          },
          "sensitive_attributes": [],
          "private": "eyJlMmJmYjczMC1lY2FhLTExZTYtOGY4OC0zNDM2M2JjN2M0YzAiOnsiY3JlYXRlIjoxMjAwMDAwMDAwMDAwLCJkZWxldGUiOjEyMDAwMDAwMDAwMDAsInVwZGF0ZSI6MTIwMDAwMDAwMDAwMH19",
          "dependencies": [
            "google_data_catalog_taxonomy.my_taxonomy"
          ]
        }
      ]
    },
    {
      "mode": "managed",
      "type": "google_data_catalog_taxonomy",
      "name": "my_taxonomy",
      "provider": "provider[\"registry.terraform.io/hashicorp/google-beta\"]",
      "instances": [
        {
          "schema_version": 0,
          "attributes": {
            "activated_policy_types": [
              "FINE_GRAINED_ACCESS_CONTROL"
            ],
            "description": "test",
            "display_name": "1130",
            "id": "projects/datacloud-lab/locations/us/taxonomies/5670512583343655965",
            "name": "projects/datacloud-lab/locations/us/taxonomies/5670512583343655965",
            "project": "datacloud-lab",
            "region": "us",
            "timeouts": null
          },
          "sensitive_attributes": [],
          "private": "eyJlMmJmYjczMC1lY2FhLTExZTYtOGY4OC0zNDM2M2JjN2M0YzAiOnsiY3JlYXRlIjoxMjAwMDAwMDAwMDAwLCJkZWxldGUiOjEyMDAwMDAwMDAwMDAsInVwZGF0ZSI6MTIwMDAwMDAwMDAwMH19"
        }
      ]
    },
    {
      "mode": "managed",
      "type": "google_project_service",
      "name": "project_dl_services",
      "provider": "provider[\"registry.terraform.io/hashicorp/google\"]",
      "instances": [
        {
          "index_key": "bigquerydatapolicy.googleapis.com",
          "schema_version": 0,
          "attributes": {
            "disable_dependent_services": true,
            "disable_on_destroy": false,
            "id": "datacloud-lab/bigquerydatapolicy.googleapis.com",
            "project": "datacloud-lab",
            "service": "bigquerydatapolicy.googleapis.com",
            "timeouts": {
              "create": "5m",
              "delete": null,
              "read": null,
              "update": "5m"
            }
          },
          "sensitive_attributes": [],
          "private": "eyJlMmJmYjczMC1lY2FhLTExZTYtOGY4OC0zNDM2M2JjN2M0YzAiOnsiY3JlYXRlIjozMDAwMDAwMDAwMDAsImRlbGV0ZSI6MTIwMDAwMDAwMDAwMCwicmVhZCI6NjAwMDAwMDAwMDAwLCJ1cGRhdGUiOjMwMiOjMwMDAwMDAwMDAwMH19"
        },
        {
          "index_key": "datacatalog.googleapis.com",
          "schema_version": 0,
          "attributes": {
            "disable_dependent_services": true,
            "disable_on_destroy": false,
            "id": "datacloud-lab/datacatalog.googleapis.com",
            "project": "datacloud-lab",
            "service": "datacatalog.googleapis.com",
            "timeouts": {
              "create": "5m",
              "delete": null,
              "read": null,
              "update": "5m"
            }
          },
          "sensitive_attributes": [],
          "private": "eyJlMmJmYjczMC1lY2FhLTExZTYtOGY4OC0zNDM2M2JjN2M0YzAiOnsiY3JlYXRlIjozMDAwMDAwMDAwMDAsImRlbGV0ZSI6MTIwMDAwMDAwMDAwMCwicmVhZCI6NjAwMDAwMDAwMDAwLCJ1cGRhdGUiOjMwMiOjMwMDAwMDAwMDAwMH19"
        },
        {
            "index_key": "iam.googleapis.com",
            "schema_version": 0,
            "attributes": {
              "disable_dependent_services": true,
              "disable_on_destroy": false,
              "id": "datacloud-lab/iam.googleapis.com",
              "project": "datacloud-lab",
              "service": "iam.googleapis.com",
              "timeouts": {
                "create": "5m",
                "delete": null,
                "read": null,
                "update": "5m"
              }
            },
            "sensitive_attributes": [],
            "private": "eyJlMmJmYjczMC1lY2FhLTExZTYtOGY4OC0zNDM2M2JjN2M0YzAiOnsiY3JlYXRlIjoyNDAwMDAwMDAwMDAsInJlYWQiOjI0MDAwMDAwMDAwMCwidXBkYXRlIjoyNDAwMDAwMDAwMDB9fQ=="
          },
          {
            "index_key": "serviceusage.googleapis.com",
            "schema_version": 0,
            "attributes": {
              "disable_dependent_services": true,
              "disable_on_destroy": false,
              "id": "datacloud-lab/serviceusage.googleapis.com",
              "project": "datacloud-lab",
              "service": "serviceusage.googleapis.com",
              "timeouts": {
                "create": "5m",
                "delete": null,
                "read": null,
                "update": "5m"
              }
            },
            "sensitive_attributes": [],
            "private": "eyJlMmJmYjczMC1lY2FhLTExZTYtOGY4OC0zNDM2M2JjN2M0YzAiOnsiY3JlYXRlIjozMDAwMDAwMDAwMDAsImRlbGV0ZSI6MTIwMDAwMDAwMDAwMCwicmVhZCI6NjAwMDAwMDAwMDAwLCJ1cGRhdGUiOjMwMiOjMwMDAwMDAwMDAwMH19"
          }
        ]
      },
      {
        "mode": "managed",
        "type": "google_storage_bucket",
        "name": "default",
        "provider": "provider[\"registry.terraform.io/hashicorp/google\"]",
        "instances": [
          {
            "schema_version": 0,
            "attributes": {
              "cors": [],
              "custom_placement_config": [],
              "default_event_based_hold": false,
              "encryption": [],
              "force_destroy": false,
              "id": "94b4e0eed980e28f-bucket-tfstate",
              "labels": null,
              "lifecycle_rule": [],
              "location": "US",
              "logging": [],
              "name": "94b4e0eed980e28f-bucket-tfstate",
              "project": "datacloud-lab",
              "public_access_prevention": "inherited",
              "requester_pays": false,
              "retention_policy": [],
              "self_link": "https://www.googleapis.com/storage/v1/b/94b4e0eed980e28f-bucket-tfstate",
              "storage_class": "STANDARD",
              "timeouts": null,
              "uniform_bucket_level_access": false,
              "url": "gs://94b4e0eed980e28f-bucket-tfstate",
              "versioning": [
                {
                  "enabled": true
                }
              ],
              "website": []
            },
            "sensitive_attributes": [],
            "private": "eyJlMmJmYjczMC1lY2FhLTExZTYtOGY4OC0zNDM2M2JjN2M0YzAiOnsiY3JlYXRlIjoyNDAwMDAwMDAwMDAsInJlYWQiOjI0MDAwMDAwMDAwMCwidXBkYXRlIjoyNDAwMDAwMDAwMDB9fQ==",
            "dependencies": [
              "random_id.bucket_prefix"
            ]
          }
        ]
      },
      {
        "mode": "managed",
        "type": "random_id",
        "name": "bucket_prefix",
        "provider": "provider[\"registry.terraform.io/hashicorp/random\"]",
        "instances": [
          {
            "schema_version": 0,
            "attributes": {
              "b64_std": "lLTg7tmA4o8=",
              "b64_url": "lLTg7tmA4o8",
              "byte_length": 8,
              "dec": "10715436729877193359",
              "hex": "94b4e0eed980e28f",
              "id": "lLTg7tmA4o8",
              "keepers": null,
              "prefix": null
            },
            "sensitive_attributes": []
          }
        ]
      }
    ],
    "check_results": null
  }



